PODS:
  - Alamofire (5.4.1)
  - GoogleMaps (4.1.0):
    - GoogleMaps/Maps (= 4.1.0)
  - GoogleMaps/Base (4.1.0)
  - GoogleMaps/Maps (4.1.0):
    - GoogleMaps/Base

DEPENDENCIES:
  - Alamofire
  - GoogleMaps

SPEC REPOS:
  https://cdn.cocoapods.org/:
    - Alamofire
    - GoogleMaps

SPEC CHECKSUMS:
  Alamofire: 2291f7d21ca607c491dd17642e5d40fdcda0e65c
  GoogleMaps: 008e2c80e38605b56b560e8deb73d4194ff30bef

PODFILE CHECKSUM: 1738162f361218fdd7cdf09fb6daa2955123459d

COCOAPODS: 1.10.1
