PODS:
  - Alamofire (5.4.1)
  - GoogleMaps (4.1.0):
    - GoogleMaps/Maps (= 4.1.0)
  - GoogleMaps/Base (4.1.0)
  - GoogleMaps/Maps (4.1.0):
    - GoogleMaps/Base
  - Maps (0.1.0):
    - Alamofire
    - GoogleMaps

DEPENDENCIES:
  - Maps (from `./modules/Maps`)

SPEC REPOS:
  https://cdn.cocoapods.org/:
    - Alamofire
    - GoogleMaps

EXTERNAL SOURCES:
  Maps:
    :path: "./modules/Maps"

SPEC CHECKSUMS:
  Alamofire: 2291f7d21ca607c491dd17642e5d40fdcda0e65c
  GoogleMaps: 008e2c80e38605b56b560e8deb73d4194ff30bef
  Maps: 75edf30f0e9264df84af675ac67eef508de68956

PODFILE CHECKSUM: 414a2984dfff9c0ac4435a2490039d39c6090ee2

COCOAPODS: 1.10.1
